# This file is automatically @generated by Cargo.
# It is not intended for manual editing.
version = 3

[[package]]
name = "argparse"
version = "0.2.2"
source = "registry+https://github.com/rust-lang/crates.io-index"
checksum = "3f8ebf5827e4ac4fd5946560e6a99776ea73b596d80898f357007317a7141e47"

[[package]]
name = "fsc"
version = "1.0.0"
dependencies = [
 "argparse",
 "rslnp",
 "token-parser",
]

[[package]]
name = "rslnp"
version = "0.2.1"
source = "registry+https://github.com/rust-lang/crates.io-index"
checksum = "4e6781999906b86d1e8d16acc66b2059921508c339689fcafcd32ab9738dbba4"
dependencies = [
 "token-parser",
]

[[package]]
name = "token-parser"
version = "0.3.0"
source = "registry+https://github.com/rust-lang/crates.io-index"
checksum = "c571388ca096a0af336b3582749583db52a39b80397123a4e74dbb26365b46b3"
